// !$*UTF8*$!
{
	archiveVersion = 1;
	classes = {
	};
	objectVersion = 77;
	objects = {

/* Begin PBXBuildFile section */
		1E34D5672E1A3D9400016640 /* LaunchScreen.storyboard in Resources */ = {isa = PBXBuildFile; fileRef = 1E34D5662E1A3D9400016640 /* LaunchScreen.storyboard */; };
/* End PBXBuildFile section */

/* Begin PBXContainerItemProxy section */
		1E582E012E179D7600CC2E5E /* PBXContainerItemProxy */ = {
			isa = PBXContainerItemProxy;
			containerPortal = 1E582DE62E179D7400CC2E5E /* Project object */;
			proxyType = 1;
			remoteGlobalIDString = 1E582DED2E179D7400CC2E5E;
			remoteInfo = CourtsideSwifts;
		};
		1E582E0B2E179D7600CC2E5E /* PBXContainerItemProxy */ = {
			isa = PBXContainerItemProxy;
			containerPortal = 1E582DE62E179D7400CC2E5E /* Project object */;
			proxyType = 1;
			remoteGlobalIDString = 1E582DED2E179D7400CC2E5E;
			remoteInfo = CourtsideSwifts;
		};
/* End PBXContainerItemProxy section */

/* Begin PBXFileReference section */
		1E34D5662E1A3D9400016640 /* LaunchScreen.storyboard */ = {isa = PBXFileReference; lastKnownFileType = file.storyboard; path = LaunchScreen.storyboard; sourceTree = "<group>"; };
		1E582DEE2E179D7400CC2E5E /* CourtsideSwifts.app */ = {isa = PBXFileReference; explicitFileType = wrapper.application; includeInIndex = 0; path = CourtsideSwifts.app; sourceTree = BUILT_PRODUCTS_DIR; };
		1E582E002E179D7600CC2E5E /* CourtsideSwiftsTests.xctest */ = {isa = PBXFileReference; explicitFileType = wrapper.cfbundle; includeInIndex = 0; path = CourtsideSwiftsTests.xctest; sourceTree = BUILT_PRODUCTS_DIR; };
		1E582E0A2E179D7600CC2E5E /* CourtsideSwiftsUITests.xctest */ = {isa = PBXFileReference; explicitFileType = wrapper.cfbundle; includeInIndex = 0; path = CourtsideSwiftsUITests.xctest; sourceTree = BUILT_PRODUCTS_DIR; };
		1EC7FC562E1D14E70002FD58 /* .gitignore */ = {isa = PBXFileReference; lastKnownFileType = text; path = .gitignore; sourceTree = "<group>"; };
/* End PBXFileReference section */

/* Begin PBXFileSystemSynchronizedRootGroup section */
		1E582DF02E179D7400CC2E5E /* CourtsideSwifts */ = {
			isa = PBXFileSystemSynchronizedRootGroup;
			path = CourtsideSwifts;
			sourceTree = "<group>";
		};
		1E582E032E179D7600CC2E5E /* CourtsideSwiftsTests */ = {
			isa = PBXFileSystemSynchronizedRootGroup;
			path = CourtsideSwiftsTests;
			sourceTree = "<group>";
		};
		1E582E0D2E179D7600CC2E5E /* CourtsideSwiftsUITests */ = {
			isa = PBXFileSystemSynchronizedRootGroup;
			path = CourtsideSwiftsUITests;
			sourceTree = "<group>";
		};
/* End PBXFileSystemSynchronizedRootGroup section */

/* Begin PBXFrameworksBuildPhase section */
		1E582DEB2E179D7400CC2E5E /* Frameworks */ = {
			isa = PBXFrameworksBuildPhase;
			buildActionMask = 2147483647;
			files = (
			);
			runOnlyForDeploymentPostprocessing = 0;
		};
		1E582DFD2E179D7600CC2E5E /* Frameworks */ = {
			isa = PBXFrameworksBuildPhase;
			buildActionMask = 2147483647;
			files = (
			);
			runOnlyForDeploymentPostprocessing = 0;
		};
		1E582E072E179D7600CC2E5E /* Frameworks */ = {
			isa = PBXFrameworksBuildPhase;
			buildActionMask = 2147483647;
			files = (
			);
			runOnlyForDeploymentPostprocessing = 0;
		};
/* End PBXFrameworksBuildPhase section */

/* Begin PBXGroup section */
		1E582DE52E179D7400CC2E5E = {
			isa = PBXGroup;
			children = (
				1EC7FC562E1D14E70002FD58 /* .gitignore */,
				1E34D5662E1A3D9400016640 /* LaunchScreen.storyboard */,
				1E582DF02E179D7400CC2E5E /* CourtsideSwifts */,
				1E582E032E179D7600CC2E5E /* CourtsideSwiftsTests */,
				1E582E0D2E179D7600CC2E5E /* CourtsideSwiftsUITests */,
				1E582DEF2E179D7400CC2E5E /* Products */,
			);
			sourceTree = "<group>";
		};
		1E582DEF2E179D7400CC2E5E /* Products */ = {
			isa = PBXGroup;
			children = (
				1E582DEE2E179D7400CC2E5E /* CourtsideSwifts.app */,
				1E582E002E179D7600CC2E5E /* CourtsideSwiftsTests.xctest */,
				1E582E0A2E179D7600CC2E5E /* CourtsideSwiftsUITests.xctest */,
			);
			name = Products;
			sourceTree = "<group>";
		};
/* End PBXGroup section */

/* Begin PBXNativeTarget section */
		1E582DED2E179D7400CC2E5E /* CourtsideSwifts */ = {
			isa = PBXNativeTarget;
			buildConfigurationList = 1E582E142E179D7600CC2E5E /* Build configuration list for PBXNativeTarget "CourtsideSwifts" */;
			buildPhases = (
				1E582DEA2E179D7400CC2E5E /* Sources */,
				1E582DEB2E179D7400CC2E5E /* Frameworks */,
				1E582DEC2E179D7400CC2E5E /* Resources */,
			);
			buildRules = (
			);
			dependencies = (
			);
			fileSystemSynchronizedGroups = (
				1E582DF02E179D7400CC2E5E /* CourtsideSwifts */,
			);
			name = CourtsideSwifts;
			packageProductDependencies = (
			);
			productName = CourtsideSwifts;
			productReference = 1E582DEE2E179D7400CC2E5E /* CourtsideSwifts.app */;
			productType = "com.apple.product-type.application";
		};
		1E582DFF2E179D7600CC2E5E /* CourtsideSwiftsTests */ = {
			isa = PBXNativeTarget;
			buildConfigurationList = 1E582E172E179D7600CC2E5E /* Build configuration list for PBXNativeTarget "CourtsideSwiftsTests" */;
			buildPhases = (
				1E582DFC2E179D7600CC2E5E /* Sources */,
				1E582DFD2E179D7600CC2E5E /* Frameworks */,
				1E582DFE2E179D7600CC2E5E /* Resources */,
			);
			buildRules = (
			);
			dependencies = (
				1E582E022E179D7600CC2E5E /* PBXTargetDependency */,
			);
			fileSystemSynchronizedGroups = (
				1E582E032E179D7600CC2E5E /* CourtsideSwiftsTests */,
			);
			name = CourtsideSwiftsTests;
			packageProductDependencies = (
			);
			productName = CourtsideSwiftsTests;
			productReference = 1E582E002E179D7600CC2E5E /* CourtsideSwiftsTests.xctest */;
			productType = "com.apple.product-type.bundle.unit-test";
		};
		1E582E092E179D7600CC2E5E /* CourtsideSwiftsUITests */ = {
			isa = PBXNativeTarget;
			buildConfigurationList = 1E582E1A2E179D7600CC2E5E /* Build configuration list for PBXNativeTarget "CourtsideSwiftsUITests" */;
			buildPhases = (
				1E582E062E179D7600CC2E5E /* Sources */,
				1E582E072E179D7600CC2E5E /* Frameworks */,
				1E582E082E179D7600CC2E5E /* Resources */,
			);
			buildRules = (
			);
			dependencies = (
				1E582E0C2E179D7600CC2E5E /* PBXTargetDependency */,
			);
			fileSystemSynchronizedGroups = (
				1E582E0D2E179D7600CC2E5E /* CourtsideSwiftsUITests */,
			);
			name = CourtsideSwiftsUITests;
			packageProductDependencies = (
			);
			productName = CourtsideSwiftsUITests;
			productReference = 1E582E0A2E179D7600CC2E5E /* CourtsideSwiftsUITests.xctest */;
			productType = "com.apple.product-type.bundle.ui-testing";
		};
/* End PBXNativeTarget section */

/* Begin PBXProject section */
		1E582DE62E179D7400CC2E5E /* Project object */ = {
			isa = PBXProject;
			attributes = {
				BuildIndependentTargetsInParallel = 1;
				LastSwiftUpdateCheck = 1640;
				LastUpgradeCheck = 1640;
				TargetAttributes = {
					1E582DED2E179D7400CC2E5E = {
						CreatedOnToolsVersion = 16.4;
					};
					1E582DFF2E179D7600CC2E5E = {
						CreatedOnToolsVersion = 16.4;
						TestTargetID = 1E582DED2E179D7400CC2E5E;
					};
					1E582E092E179D7600CC2E5E = {
						CreatedOnToolsVersion = 16.4;
						TestTargetID = 1E582DED2E179D7400CC2E5E;
					};
				};
			};
			buildConfigurationList = 1E582DE92E179D7400CC2E5E /* Build configuration list for PBXProject "CourtsideSwifts" */;
			developmentRegion = en;
			hasScannedForEncodings = 0;
			knownRegions = (
				en,
				Base,
			);
			mainGroup = 1E582DE52E179D7400CC2E5E;
			minimizedProjectReferenceProxies = 1;
			preferredProjectObjectVersion = 77;
			productRefGroup = 1E582DEF2E179D7400CC2E5E /* Products */;
			projectDirPath = "";
			projectRoot = "";
			targets = (
				1E582DED2E179D7400CC2E5E /* CourtsideSwifts */,
				1E582DFF2E179D7600CC2E5E /* CourtsideSwiftsTests */,
				1E582E092E179D7600CC2E5E /* CourtsideSwiftsUITests */,
			);
		};
/* End PBXProject section */

/* Begin PBXResourcesBuildPhase section */
		1E582DEC2E179D7400CC2E5E /* Resources */ = {
			isa = PBXResourcesBuildPhase;
			buildActionMask = 2147483647;
			files = (
				1E34D5672E1A3D9400016640 /* LaunchScreen.storyboard in Resources */,
			);
			runOnlyForDeploymentPostprocessing = 0;
		};
		1E582DFE2E179D7600CC2E5E /* Resources */ = {
			isa = PBXResourcesBuildPhase;
			buildActionMask = 2147483647;
			files = (
			);
			runOnlyForDeploymentPostprocessing = 0;
		};
		1E582E082E179D7600CC2E5E /* Resources */ = {
			isa = PBXResourcesBuildPhase;
			buildActionMask = 2147483647;
			files = (
			);
			runOnlyForDeploymentPostprocessing = 0;
		};
/* End PBXResourcesBuildPhase section */

/* Begin PBXSourcesBuildPhase section */
		1E582DEA2E179D7400CC2E5E /* Sources */ = {
			isa = PBXSourcesBuildPhase;
			buildActionMask = 2147483647;
			files = (
			);
			runOnlyForDeploymentPostprocessing = 0;
		};
		1E582DFC2E179D7600CC2E5E /* Sources */ = {
			isa = PBXSourcesBuildPhase;
			buildActionMask = 2147483647;
			files = (
			);
			runOnlyForDeploymentPostprocessing = 0;
		};
		1E582E062E179D7600CC2E5E /* Sources */ = {
			isa = PBXSourcesBuildPhase;
			buildActionMask = 2147483647;
			files = (
			);
			runOnlyForDeploymentPostprocessing = 0;
		};
/* End PBXSourcesBuildPhase section */

/* Begin PBXTargetDependency section */
		1E582E022E179D7600CC2E5E /* PBXTargetDependency */ = {
			isa = PBXTargetDependency;
			target = 1E582DED2E179D7400CC2E5E /* CourtsideSwifts */;
			targetProxy = 1E582E012E179D7600CC2E5E /* PBXContainerItemProxy */;
		};
		1E582E0C2E179D7600CC2E5E /* PBXTargetDependency */ = {
			isa = PBXTargetDependency;
			target = 1E582DED2E179D7400CC2E5E /* CourtsideSwifts */;
			targetProxy = 1E582E0B2E179D7600CC2E5E /* PBXContainerItemProxy */;
		};
/* End PBXTargetDependency section */

/* Begin XCBuildConfiguration section */
		1E582E122E179D7600CC2E5E /* Debug */ = {
			isa = XCBuildConfiguration;
			buildSettings = {
				ALWAYS_SEARCH_USER_PATHS = NO;
				ASSETCATALOG_COMPILER_GENERATE_SWIFT_ASSET_SYMBOL_EXTENSIONS = YES;
				CLANG_ANALYZER_NONNULL = YES;
				CLANG_ANALYZER_NUMBER_OBJECT_CONVERSION = YES_AGGRESSIVE;
				CLANG_CXX_LANGUAGE_STANDARD = "gnu++20";
				CLANG_ENABLE_MODULES = YES;
				CLANG_ENABLE_OBJC_ARC = YES;
				CLANG_ENABLE_OBJC_WEAK = YES;
				CLANG_WARN_BLOCK_CAPTURE_AUTORELEASING = YES;
				CLANG_WARN_BOOL_CONVERSION = YES;
				CLANG_WARN_COMMA = YES;
				CLANG_WARN_CONSTANT_CONVERSION = YES;
				CLANG_WARN_DEPRECATED_OBJC_IMPLEMENTATIONS = YES;
				CLANG_WARN_DIRECT_OBJC_ISA_USAGE = YES_ERROR;
				CLANG_WARN_DOCUMENTATION_COMMENTS = YES;
				CLANG_WARN_EMPTY_BODY = YES;
				CLANG_WARN_ENUM_CONVERSION = YES;
				CLANG_WARN_INFINITE_RECURSION = YES;
				CLANG_WARN_INT_CONVERSION = YES;
				CLANG_WARN_NON_LITERAL_NULL_CONVERSION = YES;
				CLANG_WARN_OBJC_IMPLICIT_RETAIN_SELF = YES;
				CLANG_WARN_OBJC_LITERAL_CONVERSION = YES;
				CLANG_WARN_OBJC_ROOT_CLASS = YES_ERROR;
				CLANG_WARN_QUOTED_INCLUDE_IN_FRAMEWORK_HEADER = YES;
				CLANG_WARN_RANGE_LOOP_ANALYSIS = YES;
				CLANG_WARN_STRICT_PROTOTYPES = YES;
				CLANG_WARN_SUSPICIOUS_MOVE = YES;
				CLANG_WARN_UNGUARDED_AVAILABILITY = YES_AGGRESSIVE;
				CLANG_WARN_UNREACHABLE_CODE = YES;
				CLANG_WARN__DUPLICATE_METHOD_MATCH = YES;
				COPY_PHASE_STRIP = NO;
				DEBUG_INFORMATION_FORMAT = dwarf;
				DEVELOPMENT_TEAM = 6SA7JJZD88;
				ENABLE_STRICT_OBJC_MSGSEND = YES;
				ENABLE_TESTABILITY = YES;
				ENABLE_USER_SCRIPT_SANDBOXING = YES;
				GCC_C_LANGUAGE_STANDARD = gnu17;
				GCC_DYNAMIC_NO_PIC = NO;
				GCC_NO_COMMON_BLOCKS = YES;
				GCC_OPTIMIZATION_LEVEL = 0;
				GCC_PREPROCESSOR_DEFINITIONS = (
					"DEBUG=1",
					"$(inherited)",
				);
				GCC_WARN_64_TO_32_BIT_CONVERSION = YES;
				GCC_WARN_ABOUT_RETURN_TYPE = YES_ERROR;
				GCC_WARN_UNDECLARED_SELECTOR = YES;
				GCC_WARN_UNINITIALIZED_AUTOS = YES_AGGRESSIVE;
				GCC_WARN_UNUSED_FUNCTION = YES;
				GCC_WARN_UNUSED_VARIABLE = YES;
				IPHONEOS_DEPLOYMENT_TARGET = 18.5;
				LOCALIZATION_PREFERS_STRING_CATALOGS = YES;
				MTL_ENABLE_DEBUG_INFO = INCLUDE_SOURCE;
				MTL_FAST_MATH = YES;
				ONLY_ACTIVE_ARCH = YES;
				SDKROOT = iphoneos;
				SWIFT_ACTIVE_COMPILATION_CONDITIONS = "DEBUG $(inherited)";
				SWIFT_OPTIMIZATION_LEVEL = "-Onone";
			};
			name = Debug;
		};
		1E582E132E179D7600CC2E5E /* Release */ = {
			isa = XCBuildConfiguration;
			buildSettings = {
				ALWAYS_SEARCH_USER_PATHS = NO;
				ASSETCATALOG_COMPILER_GENERATE_SWIFT_ASSET_SYMBOL_EXTENSIONS = YES;
				CLANG_ANALYZER_NONNULL = YES;
				CLANG_ANALYZER_NUMBER_OBJECT_CONVERSION = YES_AGGRESSIVE;
				CLANG_CXX_LANGUAGE_STANDARD = "gnu++20";
				CLANG_ENABLE_MODULES = YES;
				CLANG_ENABLE_OBJC_ARC = YES;
				CLANG_ENABLE_OBJC_WEAK = YES;
				CLANG_WARN_BLOCK_CAPTURE_AUTORELEASING = YES;
				CLANG_WARN_BOOL_CONVERSION = YES;
				CLANG_WARN_COMMA = YES;
				CLANG_WARN_CONSTANT_CONVERSION = YES;
				CLANG_WARN_DEPRECATED_OBJC_IMPLEMENTATIONS = YES;
				CLANG_WARN_DIRECT_OBJC_ISA_USAGE = YES_ERROR;
				CLANG_WARN_DOCUMENTATION_COMMENTS = YES;
				CLANG_WARN_EMPTY_BODY = YES;
				CLANG_WARN_ENUM_CONVERSION = YES;
				CLANG_WARN_INFINITE_RECURSION = YES;
				CLANG_WARN_INT_CONVERSION = YES;
				CLANG_WARN_NON_LITERAL_NULL_CONVERSION = YES;
				CLANG_WARN_OBJC_IMPLICIT_RETAIN_SELF = YES;
				CLANG_WARN_OBJC_LITERAL_CONVERSION = YES;
				CLANG_WARN_OBJC_ROOT_CLASS = YES_ERROR;
				CLANG_WARN_QUOTED_INCLUDE_IN_FRAMEWORK_HEADER = YES;
				CLANG_WARN_RANGE_LOOP_ANALYSIS = YES;
				CLANG_WARN_STRICT_PROTOTYPES = YES;
				CLANG_WARN_SUSPICIOUS_MOVE = YES;
				CLANG_WARN_UNGUARDED_AVAILABILITY = YES_AGGRESSIVE;
				CLANG_WARN_UNREACHABLE_CODE = YES;
				CLANG_WARN__DUPLICATE_METHOD_MATCH = YES;
				COPY_PHASE_STRIP = NO;
				DEBUG_INFORMATION_FORMAT = "dwarf-with-dsym";
				DEVELOPMENT_TEAM = 6SA7JJZD88;
				ENABLE_NS_ASSERTIONS = NO;
				ENABLE_STRICT_OBJC_MSGSEND = YES;
				ENABLE_USER_SCRIPT_SANDBOXING = YES;
				GCC_C_LANGUAGE_STANDARD = gnu17;
				GCC_NO_COMMON_BLOCKS = YES;
				GCC_WARN_64_TO_32_BIT_CONVERSION = YES;
				GCC_WARN_ABOUT_RETURN_TYPE = YES_ERROR;
				GCC_WARN_UNDECLARED_SELECTOR = YES;
				GCC_WARN_UNINITIALIZED_AUTOS = YES_AGGRESSIVE;
				GCC_WARN_UNUSED_FUNCTION = YES;
				GCC_WARN_UNUSED_VARIABLE = YES;
				IPHONEOS_DEPLOYMENT_TARGET = 18.5;
				LOCALIZATION_PREFERS_STRING_CATALOGS = YES;
				MTL_ENABLE_DEBUG_INFO = NO;
				MTL_FAST_MATH = YES;
				SDKROOT = iphoneos;
				SWIFT_COMPILATION_MODE = wholemodule;
				VALIDATE_PRODUCT = YES;
			};
			name = Release;
		};
		1E582E152E179D7600CC2E5E /* Debug */ = {
			isa = XCBuildConfiguration;
			buildSettings = {
				ASSETCATALOG_COMPILER_APPICON_NAME = AppIcon;
				ASSETCATALOG_COMPILER_GLOBAL_ACCENT_COLOR_NAME = AccentColor;
				ASSETCATALOG_COMPILER_INCLUDE_ALL_APPICON_ASSETS = YES;
				CODE_SIGN_STYLE = Automatic;
				CURRENT_PROJECT_VERSION = 1;
				DEVELOPMENT_TEAM = 6SA7JJZD88;
				ENABLE_PREVIEWS = YES;
				GENERATE_INFOPLIST_FILE = YES;
				INFOPLIST_FILE = "";
				INFOPLIST_KEY_CFBundleDisplayName = "Western Swifts";
				INFOPLIST_KEY_LSApplicationCategoryType = "public.app-category.sports-games";
				INFOPLIST_KEY_UIApplicationSceneManifest_Generation = YES;
				INFOPLIST_KEY_UIApplicationSupportsIndirectInputEvents = YES;
				INFOPLIST_KEY_UILaunchScreen_Generation = YES;
				INFOPLIST_KEY_UILaunchStoryboardName = LaunchScreen;
				INFOPLIST_KEY_UISupportedInterfaceOrientations_iPad = "UIInterfaceOrientationPortrait UIInterfaceOrientationPortraitUpsideDown UIInterfaceOrientationLandscapeLeft UIInterfaceOrientationLandscapeRight";
				INFOPLIST_KEY_UISupportedInterfaceOrientations_iPhone = "UIInterfaceOrientationPortrait UIInterfaceOrientationLandscapeLeft UIInterfaceOrientationLandscapeRight";
				LD_RUNPATH_SEARCH_PATHS = (
					"$(inherited)",
					"@executable_path/Frameworks",
				);
				MARKETING_VERSION = 1.0;
				PRODUCT_BUNDLE_IDENTIFIER = westernswifts.CourtsideSwifts;
				PRODUCT_NAME = "$(TARGET_NAME)";
				SWIFT_EMIT_LOC_STRINGS = YES;
				SWIFT_VERSION = 5.0;
				TARGETED_DEVICE_FAMILY = "1,2";
			};
			name = Debug;
		};
		1E582E162E179D7600CC2E5E /* Release */ = {
			isa = XCBuildConfiguration;
			buildSettings = {
				ASSETCATALOG_COMPILER_APPICON_NAME = AppIcon;
				ASSETCATALOG_COMPILER_GLOBAL_ACCENT_COLOR_NAME = AccentColor;
				ASSETCATALOG_COMPILER_INCLUDE_ALL_APPICON_ASSETS = YES;
				CODE_SIGN_STYLE = Automatic;
				CURRENT_PROJECT_VERSION = 1;
				DEVELOPMENT_TEAM = 6SA7JJZD88;
				ENABLE_PREVIEWS = YES;
				GENERATE_INFOPLIST_FILE = YES;
				INFOPLIST_FILE = "";
				INFOPLIST_KEY_CFBundleDisplayName = "Western Swifts";
				INFOPLIST_KEY_LSApplicationCategoryType = "public.app-category.sports-games";
				INFOPLIST_KEY_UIApplicationSceneManifest_Generation = YES;
				INFOPLIST_KEY_UIApplicationSupportsIndirectInputEvents = YES;
				INFOPLIST_KEY_UILaunchScreen_Generation = YES;
				INFOPLIST_KEY_UILaunchStoryboardName = LaunchScreen;
				INFOPLIST_KEY_UISupportedInterfaceOrientations_iPad = "UIInterfaceOrientationPortrait UIInterfaceOrientationPortraitUpsideDown UIInterfaceOrientationLandscapeLeft UIInterfaceOrientationLandscapeRight";
				INFOPLIST_KEY_UISupportedInterfaceOrientations_iPhone = "UIInterfaceOrientationPortrait UIInterfaceOrientationLandscapeLeft UIInterfaceOrientationLandscapeRight";
				LD_RUNPATH_SEARCH_PATHS = (
					"$(inherited)",
					"@executable_path/Frameworks",
				);
				MARKETING_VERSION = 1.0;
				PRODUCT_BUNDLE_IDENTIFIER = westernswifts.CourtsideSwifts;
				PRODUCT_NAME = "$(TARGET_NAME)";
				SWIFT_EMIT_LOC_STRINGS = YES;
				SWIFT_VERSION = 5.0;
				TARGETED_DEVICE_FAMILY = "1,2";
			};
			name = Release;
		};
		1E582E182E179D7600CC2E5E /* Debug */ = {
			isa = XCBuildConfiguration;
			buildSettings = {
				BUNDLE_LOADER = "$(TEST_HOST)";
				CODE_SIGN_STYLE = Automatic;
				CURRENT_PROJECT_VERSION = 1;
				DEVELOPMENT_TEAM = 6SA7JJZD88;
				GENERATE_INFOPLIST_FILE = YES;
				IPHONEOS_DEPLOYMENT_TARGET = 18.5;
				MARKETING_VERSION = 1.0;
				PRODUCT_BUNDLE_IDENTIFIER = westernswifts.CourtsideSwiftsTests;
				PRODUCT_NAME = "$(TARGET_NAME)";
				SWIFT_EMIT_LOC_STRINGS = NO;
				SWIFT_VERSION = 5.0;
				TARGETED_DEVICE_FAMILY = "1,2";
				TEST_HOST = "$(BUILT_PRODUCTS_DIR)/CourtsideSwifts.app/$(BUNDLE_EXECUTABLE_FOLDER_PATH)/CourtsideSwifts";
			};
			name = Debug;
		};
		1E582E192E179D7600CC2E5E /* Release */ = {
			isa = XCBuildConfiguration;
			buildSettings = {
				BUNDLE_LOADER = "$(TEST_HOST)";
				CODE_SIGN_STYLE = Automatic;
				CURRENT_PROJECT_VERSION = 1;
				DEVELOPMENT_TEAM = 6SA7JJZD88;
				GENERATE_INFOPLIST_FILE = YES;
				IPHONEOS_DEPLOYMENT_TARGET = 18.5;
				MARKETING_VERSION = 1.0;
				PRODUCT_BUNDLE_IDENTIFIER = westernswifts.CourtsideSwiftsTests;
				PRODUCT_NAME = "$(TARGET_NAME)";
				SWIFT_EMIT_LOC_STRINGS = NO;
				SWIFT_VERSION = 5.0;
				TARGETED_DEVICE_FAMILY = "1,2";
				TEST_HOST = "$(BUILT_PRODUCTS_DIR)/CourtsideSwifts.app/$(BUNDLE_EXECUTABLE_FOLDER_PATH)/CourtsideSwifts";
			};
			name = Release;
		};
		1E582E1B2E179D7600CC2E5E /* Debug */ = {
			isa = XCBuildConfiguration;
			buildSettings = {
				CODE_SIGN_STYLE = Automatic;
				CURRENT_PROJECT_VERSION = 1;
				DEVELOPMENT_TEAM = 6SA7JJZD88;
				GENERATE_INFOPLIST_FILE = YES;
				MARKETING_VERSION = 1.0;
				PRODUCT_BUNDLE_IDENTIFIER = westernswifts.CourtsideSwiftsUITests;
				PRODUCT_NAME = "$(TARGET_NAME)";
				SWIFT_EMIT_LOC_STRINGS = NO;
				SWIFT_VERSION = 5.0;
				TARGETED_DEVICE_FAMILY = "1,2";
				TEST_TARGET_NAME = CourtsideSwifts;
			};
			name = Debug;
		};
		1E582E1C2E179D7600CC2E5E /* Release */ = {
			isa = XCBuildConfiguration;
			buildSettings = {
				CODE_SIGN_STYLE = Automatic;
				CURRENT_PROJECT_VERSION = 1;
				DEVELOPMENT_TEAM = 6SA7JJZD88;
				GENERATE_INFOPLIST_FILE = YES;
				MARKETING_VERSION = 1.0;
				PRODUCT_BUNDLE_IDENTIFIER = westernswifts.CourtsideSwiftsUITests;
				PRODUCT_NAME = "$(TARGET_NAME)";
				SWIFT_EMIT_LOC_STRINGS = NO;
				SWIFT_VERSION = 5.0;
				TARGETED_DEVICE_FAMILY = "1,2";
				TEST_TARGET_NAME = CourtsideSwifts;
			};
			name = Release;
		};
/* End XCBuildConfiguration section */

/* Begin XCConfigurationList section */
		1E582DE92E179D7400CC2E5E /* Build configuration list for PBXProject "CourtsideSwifts" */ = {
			isa = XCConfigurationList;
			buildConfigurations = (
				1E582E122E179D7600CC2E5E /* Debug */,
				1E582E132E179D7600CC2E5E /* Release */,
			);
			defaultConfigurationIsVisible = 0;
			defaultConfigurationName = Release;
		};
		1E582E142E179D7600CC2E5E /* Build configuration list for PBXNativeTarget "CourtsideSwifts" */ = {
			isa = XCConfigurationList;
			buildConfigurations = (
				1E582E152E179D7600CC2E5E /* Debug */,
				1E582E162E179D7600CC2E5E /* Release */,
			);
			defaultConfigurationIsVisible = 0;
			defaultConfigurationName = Release;
		};
		1E582E172E179D7600CC2E5E /* Build configuration list for PBXNativeTarget "CourtsideSwiftsTests" */ = {
			isa = XCConfigurationList;
			buildConfigurations = (
				1E582E182E179D7600CC2E5E /* Debug */,
				1E582E192E179D7600CC2E5E /* Release */,
			);
			defaultConfigurationIsVisible = 0;
			defaultConfigurationName = Release;
		};
		1E582E1A2E179D7600CC2E5E /* Build configuration list for PBXNativeTarget "CourtsideSwiftsUITests" */ = {
			isa = XCConfigurationList;
			buildConfigurations = (
				1E582E1B2E179D7600CC2E5E /* Debug */,
				1E582E1C2E179D7600CC2E5E /* Release */,
			);
			defaultConfigurationIsVisible = 0;
			defaultConfigurationName = Release;
		};
/* End XCConfigurationList section */
	};
	rootObject = 1E582DE62E179D7400CC2E5E /* Project object */;
}
